
Microsoft Visual Studio Solution File, Format Version 12.00
# Visual Studio Version 17
VisualStudioVersion = 17.9.34714.143
MinimumVisualStudioVersion = 10.0.40219.1
Project("{FAE04EC0-301F-11D3-BF4B-00C04F79EFBC}") = "EntityFrameworkNetCore_6", "EntityFrameworkNetCore_6\EntityFrameworkNetCore_6.csproj", "{B79DD925-D4BB-4AFB-8BE8-A4F8ADB84032}"
EndProject
Global
	GlobalSection(SolutionConfigurationPlatforms) = preSolution
		Debug|Any CPU = Debug|Any CPU
		Release|Any CPU = Release|Any CPU
	EndGlobalSection
	GlobalSection(ProjectConfigurationPlatforms) = postSolution
		{B79DD925-D4BB-4AFB-8BE8-A4F8ADB84032}.Debug|Any CPU.ActiveCfg = Debug|Any CPU
		{B79DD925-D4BB-4AFB-8BE8-A4F8ADB84032}.Debug|Any CPU.Build.0 = Debug|Any CPU
		{B79DD925-D4BB-4AFB-8BE8-A4F8ADB84032}.Release|Any CPU.ActiveCfg = Release|Any CPU
		{B79DD925-D4BB-4AFB-8BE8-A4F8ADB84032}.Release|Any CPU.Build.0 = Release|Any CPU
	EndGlobalSection
	GlobalSection(SolutionProperties) = preSolution
		HideSolutionNode = FALSE
	EndGlobalSection
	GlobalSection(ExtensibilityGlobals) = postSolution
		SolutionGuid = {D17D0964-03BA-40D6-802B-9D75BC2D9E22}
	EndGlobalSection
EndGlobal
